
Microsoft Visual Studio Solution File, Format Version 12.00
# Visual Studio 15
VisualStudioVersion = 15.0.28010.2041
MinimumVisualStudioVersion = 10.0.40219.1
Project("{9A19103F-16F7-4668-BE54-9A1E7A4F7556}") = "AsyncInn", "AsyncInn\AsyncInn.csproj", "{E17FE19A-ED8B-47B8-AF25-CCB0D078755C}"
EndProject
Project("{FAE04EC0-301F-11D3-BF4B-00C04F79EFBC}") = "XUnitTestProject1", "XUnitTestProject1\XUnitTestProject1.csproj", "{C4C8ECA2-F80C-4E06-B60E-D83341EC7916}"
EndProject
Global
	GlobalSection(SolutionConfigurationPlatforms) = preSolution
		Debug|Any CPU = Debug|Any CPU
		Release|Any CPU = Release|Any CPU
	EndGlobalSection
	GlobalSection(ProjectConfigurationPlatforms) = postSolution
		{E17FE19A-ED8B-47B8-AF25-CCB0D078755C}.Debug|Any CPU.ActiveCfg = Debug|Any CPU
		{E17FE19A-ED8B-47B8-AF25-CCB0D078755C}.Debug|Any CPU.Build.0 = Debug|Any CPU
		{E17FE19A-ED8B-47B8-AF25-CCB0D078755C}.Release|Any CPU.ActiveCfg = Release|Any CPU
		{E17FE19A-ED8B-47B8-AF25-CCB0D078755C}.Release|Any CPU.Build.0 = Release|Any CPU
		{C4C8ECA2-F80C-4E06-B60E-D83341EC7916}.Debug|Any CPU.ActiveCfg = Debug|Any CPU
		{C4C8ECA2-F80C-4E06-B60E-D83341EC7916}.Debug|Any CPU.Build.0 = Debug|Any CPU
		{C4C8ECA2-F80C-4E06-B60E-D83341EC7916}.Release|Any CPU.ActiveCfg = Release|Any CPU
		{C4C8ECA2-F80C-4E06-B60E-D83341EC7916}.Release|Any CPU.Build.0 = Release|Any CPU
	EndGlobalSection
	GlobalSection(SolutionProperties) = preSolution
		HideSolutionNode = FALSE
	EndGlobalSection
	GlobalSection(ExtensibilityGlobals) = postSolution
		SolutionGuid = {96AF4769-21C9-4DB5-852D-1CD15CA39B8A}
	EndGlobalSection
EndGlobal
